
Microsoft Visual Studio Solution File, Format Version 12.00
# Visual Studio 2013
VisualStudioVersion = 12.0.30324.0
MinimumVisualStudioVersion = 10.0.40219.1
Project("{2150E333-8FDC-42A3-9474-1A3956D46DE8}") = "Client", "Client", "{4CE6A30E-D98C-4860-A202-D8FEC3AB75E6}"
EndProject
Project("{2150E333-8FDC-42A3-9474-1A3956D46DE8}") = "Shared", "Shared", "{9508A921-ECAE-4CF5-A989-06C75738F074}"
EndProject
Project("{FAE04EC0-301F-11D3-BF4B-00C04F79EFBC}") = "NotificationsExtensions", "NotificationsExtensions\NotificationsExtensions.csproj", "{A5EF1148-7262-4A0C-9FAA-AEA5FE8CDF14}"
EndProject
Project("{FAE04EC0-301F-11D3-BF4B-00C04F79EFBC}") = "MsCampus.Win.Shared.DI", "MsCampus.Win.Shared.DI\MsCampus.Win.Shared.DI.csproj", "{75151EB4-F2EA-4E24-B764-D04AB127AF30}"
EndProject
Project("{FAE04EC0-301F-11D3-BF4B-00C04F79EFBC}") = "MsCampus.Win.Shared", "MsCampus.Win.Shared\MsCampus.Win.Shared.csproj", "{DA423F0A-79AD-48B8-BE7E-0BFDE717D817}"
EndProject
Project("{FAE04EC0-301F-11D3-BF4B-00C04F79EFBC}") = "Conference.Contracts", "Conference.Contracts\Conference.Contracts.csproj", "{B17A893F-01DD-47E2-901C-D9D3A1A11304}"
EndProject
Project("{FAE04EC0-301F-11D3-BF4B-00C04F79EFBC}") = "Conference.Repositories", "Conference.Repositories\Conference.Repositories.csproj", "{8590A5D7-0194-424A-901F-9FA81C902F35}"
EndProject
Project("{FAE04EC0-301F-11D3-BF4B-00C04F79EFBC}") = "Conference.Services", "Conference.Services\Conference.Services.csproj", "{28223F51-5639-4C1D-A470-C4DBE8268B58}"
EndProject
Project("{FAE04EC0-301F-11D3-BF4B-00C04F79EFBC}") = "Conference.App", "Conference.App\Conference.App.csproj", "{01DED6E1-71FF-4C26-B672-5459E8FA579A}"
EndProject
Project("{2150E333-8FDC-42A3-9474-1A3956D46DE8}") = "Conference.App", "Conference.App", "{A7EBE289-2B71-4231-9E20-DF4038563B91}"
EndProject
Project("{D954291E-2A0B-460D-934E-DC6B0785DB48}") = "Conference.App.Shared", "Conference.App.Shared\Conference.App.Shared.shproj", "{7EE35E18-A459-4A3A-8720-F937D16E6DFF}"
EndProject
Project("{FAE04EC0-301F-11D3-BF4B-00C04F79EFBC}") = "Conference.App.WindowsPhone", "Conference.App.WindowsPhone\Conference.App.WindowsPhone.csproj", "{5954AE5D-6A78-448A-8F80-61B5B1CD9A70}"
EndProject
Project("{2150E333-8FDC-42A3-9474-1A3956D46DE8}") = "Tools", "Tools", "{850E8254-8F7C-455C-8039-67E2393F0437}"
EndProject
Project("{FAE04EC0-301F-11D3-BF4B-00C04F79EFBC}") = "DownloadSpeakerPhotosTool", "DownloadSpeakerPhotosTool\DownloadSpeakerPhotosTool.csproj", "{7A2187AF-1195-4140-AF5C-581F2B6096AB}"
EndProject
Project("{FAE04EC0-301F-11D3-BF4B-00C04F79EFBC}") = "MsCampus.Win.Shared.CustomControls", "MsCampus.Win.Shared.CustomControls\MsCampus.Win.Shared.CustomControls.csproj", "{81611F5C-F3A0-41F5-8B17-3DE3EFDDB286}"
EndProject
Global
	GlobalSection(SharedMSBuildProjectFiles) = preSolution
		Conference.App.Shared\Conference.App.Shared.projitems*{7ee35e18-a459-4a3a-8720-f937d16e6dff}*SharedItemsImports = 13
		Conference.App.Shared\Conference.App.Shared.projitems*{01ded6e1-71ff-4c26-b672-5459e8fa579a}*SharedItemsImports = 4
		Conference.App.Shared\Conference.App.Shared.projitems*{5954ae5d-6a78-448a-8f80-61b5b1cd9a70}*SharedItemsImports = 4
	EndGlobalSection
	GlobalSection(SolutionConfigurationPlatforms) = preSolution
		Debug|Any CPU = Debug|Any CPU
		Debug|ARM = Debug|ARM
		Debug|x64 = Debug|x64
		Debug|x86 = Debug|x86
		Release|Any CPU = Release|Any CPU
		Release|ARM = Release|ARM
		Release|x64 = Release|x64
		Release|x86 = Release|x86
	EndGlobalSection
	GlobalSection(ProjectConfigurationPlatforms) = postSolution
		{A5EF1148-7262-4A0C-9FAA-AEA5FE8CDF14}.Debug|Any CPU.ActiveCfg = Debug|Any CPU
		{A5EF1148-7262-4A0C-9FAA-AEA5FE8CDF14}.Debug|Any CPU.Build.0 = Debug|Any CPU
		{A5EF1148-7262-4A0C-9FAA-AEA5FE8CDF14}.Debug|ARM.ActiveCfg = Debug|Any CPU
		{A5EF1148-7262-4A0C-9FAA-AEA5FE8CDF14}.Debug|x64.ActiveCfg = Debug|Any CPU
		{A5EF1148-7262-4A0C-9FAA-AEA5FE8CDF14}.Debug|x86.ActiveCfg = Debug|Any CPU
		{A5EF1148-7262-4A0C-9FAA-AEA5FE8CDF14}.Release|Any CPU.ActiveCfg = Release|Any CPU
		{A5EF1148-7262-4A0C-9FAA-AEA5FE8CDF14}.Release|Any CPU.Build.0 = Release|Any CPU
		{A5EF1148-7262-4A0C-9FAA-AEA5FE8CDF14}.Release|ARM.ActiveCfg = Release|Any CPU
		{A5EF1148-7262-4A0C-9FAA-AEA5FE8CDF14}.Release|x64.ActiveCfg = Release|Any CPU
		{A5EF1148-7262-4A0C-9FAA-AEA5FE8CDF14}.Release|x86.ActiveCfg = Release|Any CPU
		{75151EB4-F2EA-4E24-B764-D04AB127AF30}.Debug|Any CPU.ActiveCfg = Debug|Any CPU
		{75151EB4-F2EA-4E24-B764-D04AB127AF30}.Debug|Any CPU.Build.0 = Debug|Any CPU
		{75151EB4-F2EA-4E24-B764-D04AB127AF30}.Debug|ARM.ActiveCfg = Debug|Any CPU
		{75151EB4-F2EA-4E24-B764-D04AB127AF30}.Debug|x64.ActiveCfg = Debug|Any CPU
		{75151EB4-F2EA-4E24-B764-D04AB127AF30}.Debug|x86.ActiveCfg = Debug|Any CPU
		{75151EB4-F2EA-4E24-B764-D04AB127AF30}.Release|Any CPU.ActiveCfg = Release|Any CPU
		{75151EB4-F2EA-4E24-B764-D04AB127AF30}.Release|Any CPU.Build.0 = Release|Any CPU
		{75151EB4-F2EA-4E24-B764-D04AB127AF30}.Release|ARM.ActiveCfg = Release|Any CPU
		{75151EB4-F2EA-4E24-B764-D04AB127AF30}.Release|x64.ActiveCfg = Release|Any CPU
		{75151EB4-F2EA-4E24-B764-D04AB127AF30}.Release|x86.ActiveCfg = Release|Any CPU
		{DA423F0A-79AD-48B8-BE7E-0BFDE717D817}.Debug|Any CPU.ActiveCfg = Debug|Any CPU
		{DA423F0A-79AD-48B8-BE7E-0BFDE717D817}.Debug|Any CPU.Build.0 = Debug|Any CPU
		{DA423F0A-79AD-48B8-BE7E-0BFDE717D817}.Debug|ARM.ActiveCfg = Debug|Any CPU
		{DA423F0A-79AD-48B8-BE7E-0BFDE717D817}.Debug|x64.ActiveCfg = Debug|Any CPU
		{DA423F0A-79AD-48B8-BE7E-0BFDE717D817}.Debug|x86.ActiveCfg = Debug|Any CPU
		{DA423F0A-79AD-48B8-BE7E-0BFDE717D817}.Release|Any CPU.ActiveCfg = Release|Any CPU
		{DA423F0A-79AD-48B8-BE7E-0BFDE717D817}.Release|Any CPU.Build.0 = Release|Any CPU
		{DA423F0A-79AD-48B8-BE7E-0BFDE717D817}.Release|ARM.ActiveCfg = Release|Any CPU
		{DA423F0A-79AD-48B8-BE7E-0BFDE717D817}.Release|x64.ActiveCfg = Release|Any CPU
		{DA423F0A-79AD-48B8-BE7E-0BFDE717D817}.Release|x86.ActiveCfg = Release|Any CPU
		{B17A893F-01DD-47E2-901C-D9D3A1A11304}.Debug|Any CPU.ActiveCfg = Debug|Any CPU
		{B17A893F-01DD-47E2-901C-D9D3A1A11304}.Debug|Any CPU.Build.0 = Debug|Any CPU
		{B17A893F-01DD-47E2-901C-D9D3A1A11304}.Debug|ARM.ActiveCfg = Debug|Any CPU
		{B17A893F-01DD-47E2-901C-D9D3A1A11304}.Debug|x64.ActiveCfg = Debug|Any CPU
		{B17A893F-01DD-47E2-901C-D9D3A1A11304}.Debug|x86.ActiveCfg = Debug|Any CPU
		{B17A893F-01DD-47E2-901C-D9D3A1A11304}.Release|Any CPU.ActiveCfg = Release|Any CPU
		{B17A893F-01DD-47E2-901C-D9D3A1A11304}.Release|Any CPU.Build.0 = Release|Any CPU
		{B17A893F-01DD-47E2-901C-D9D3A1A11304}.Release|ARM.ActiveCfg = Release|Any CPU
		{B17A893F-01DD-47E2-901C-D9D3A1A11304}.Release|x64.ActiveCfg = Release|Any CPU
		{B17A893F-01DD-47E2-901C-D9D3A1A11304}.Release|x86.ActiveCfg = Release|Any CPU
		{8590A5D7-0194-424A-901F-9FA81C902F35}.Debug|Any CPU.ActiveCfg = Debug|Any CPU
		{8590A5D7-0194-424A-901F-9FA81C902F35}.Debug|Any CPU.Build.0 = Debug|Any CPU
		{8590A5D7-0194-424A-901F-9FA81C902F35}.Debug|ARM.ActiveCfg = Debug|Any CPU
		{8590A5D7-0194-424A-901F-9FA81C902F35}.Debug|x64.ActiveCfg = Debug|Any CPU
		{8590A5D7-0194-424A-901F-9FA81C902F35}.Debug|x86.ActiveCfg = Debug|Any CPU
		{8590A5D7-0194-424A-901F-9FA81C902F35}.Release|Any CPU.ActiveCfg = Release|Any CPU
		{8590A5D7-0194-424A-901F-9FA81C902F35}.Release|Any CPU.Build.0 = Release|Any CPU
		{8590A5D7-0194-424A-901F-9FA81C902F35}.Release|ARM.ActiveCfg = Release|Any CPU
		{8590A5D7-0194-424A-901F-9FA81C902F35}.Release|x64.ActiveCfg = Release|Any CPU
		{8590A5D7-0194-424A-901F-9FA81C902F35}.Release|x86.ActiveCfg = Release|Any CPU
		{28223F51-5639-4C1D-A470-C4DBE8268B58}.Debug|Any CPU.ActiveCfg = Debug|Any CPU
		{28223F51-5639-4C1D-A470-C4DBE8268B58}.Debug|Any CPU.Build.0 = Debug|Any CPU
		{28223F51-5639-4C1D-A470-C4DBE8268B58}.Debug|ARM.ActiveCfg = Debug|Any CPU
		{28223F51-5639-4C1D-A470-C4DBE8268B58}.Debug|x64.ActiveCfg = Debug|Any CPU
		{28223F51-5639-4C1D-A470-C4DBE8268B58}.Debug|x86.ActiveCfg = Debug|Any CPU
		{28223F51-5639-4C1D-A470-C4DBE8268B58}.Release|Any CPU.ActiveCfg = Release|Any CPU
		{28223F51-5639-4C1D-A470-C4DBE8268B58}.Release|Any CPU.Build.0 = Release|Any CPU
		{28223F51-5639-4C1D-A470-C4DBE8268B58}.Release|ARM.ActiveCfg = Release|Any CPU
		{28223F51-5639-4C1D-A470-C4DBE8268B58}.Release|x64.ActiveCfg = Release|Any CPU
		{28223F51-5639-4C1D-A470-C4DBE8268B58}.Release|x86.ActiveCfg = Release|Any CPU
		{01DED6E1-71FF-4C26-B672-5459E8FA579A}.Debug|Any CPU.ActiveCfg = Debug|Any CPU
		{01DED6E1-71FF-4C26-B672-5459E8FA579A}.Debug|Any CPU.Build.0 = Debug|Any CPU
		{01DED6E1-71FF-4C26-B672-5459E8FA579A}.Debug|Any CPU.Deploy.0 = Debug|Any CPU
		{01DED6E1-71FF-4C26-B672-5459E8FA579A}.Debug|ARM.ActiveCfg = Debug|ARM
		{01DED6E1-71FF-4C26-B672-5459E8FA579A}.Debug|ARM.Build.0 = Debug|ARM
		{01DED6E1-71FF-4C26-B672-5459E8FA579A}.Debug|ARM.Deploy.0 = Debug|ARM
		{01DED6E1-71FF-4C26-B672-5459E8FA579A}.Debug|x64.ActiveCfg = Debug|x64
		{01DED6E1-71FF-4C26-B672-5459E8FA579A}.Debug|x64.Build.0 = Debug|x64
		{01DED6E1-71FF-4C26-B672-5459E8FA579A}.Debug|x64.Deploy.0 = Debug|x64
		{01DED6E1-71FF-4C26-B672-5459E8FA579A}.Debug|x86.ActiveCfg = Debug|x86
		{01DED6E1-71FF-4C26-B672-5459E8FA579A}.Debug|x86.Build.0 = Debug|x86
		{01DED6E1-71FF-4C26-B672-5459E8FA579A}.Debug|x86.Deploy.0 = Debug|x86
		{01DED6E1-71FF-4C26-B672-5459E8FA579A}.Release|Any CPU.ActiveCfg = Release|Any CPU
		{01DED6E1-71FF-4C26-B672-5459E8FA579A}.Release|Any CPU.Build.0 = Release|Any CPU
		{01DED6E1-71FF-4C26-B672-5459E8FA579A}.Release|Any CPU.Deploy.0 = Release|Any CPU
		{01DED6E1-71FF-4C26-B672-5459E8FA579A}.Release|ARM.ActiveCfg = Release|ARM
		{01DED6E1-71FF-4C26-B672-5459E8FA579A}.Release|ARM.Build.0 = Release|ARM
		{01DED6E1-71FF-4C26-B672-5459E8FA579A}.Release|ARM.Deploy.0 = Release|ARM
		{01DED6E1-71FF-4C26-B672-5459E8FA579A}.Release|x64.ActiveCfg = Release|x64
		{01DED6E1-71FF-4C26-B672-5459E8FA579A}.Release|x64.Build.0 = Release|x64
		{01DED6E1-71FF-4C26-B672-5459E8FA579A}.Release|x64.Deploy.0 = Release|x64
		{01DED6E1-71FF-4C26-B672-5459E8FA579A}.Release|x86.ActiveCfg = Release|x86
		{01DED6E1-71FF-4C26-B672-5459E8FA579A}.Release|x86.Build.0 = Release|x86
		{01DED6E1-71FF-4C26-B672-5459E8FA579A}.Release|x86.Deploy.0 = Release|x86
		{5954AE5D-6A78-448A-8F80-61B5B1CD9A70}.Debug|Any CPU.ActiveCfg = Debug|Any CPU
		{5954AE5D-6A78-448A-8F80-61B5B1CD9A70}.Debug|Any CPU.Build.0 = Debug|Any CPU
		{5954AE5D-6A78-448A-8F80-61B5B1CD9A70}.Debug|Any CPU.Deploy.0 = Debug|Any CPU
		{5954AE5D-6A78-448A-8F80-61B5B1CD9A70}.Debug|ARM.ActiveCfg = Debug|ARM
		{5954AE5D-6A78-448A-8F80-61B5B1CD9A70}.Debug|ARM.Build.0 = Debug|ARM
		{5954AE5D-6A78-448A-8F80-61B5B1CD9A70}.Debug|ARM.Deploy.0 = Debug|ARM
		{5954AE5D-6A78-448A-8F80-61B5B1CD9A70}.Debug|x64.ActiveCfg = Debug|Any CPU
		{5954AE5D-6A78-448A-8F80-61B5B1CD9A70}.Debug|x86.ActiveCfg = Debug|x86
		{5954AE5D-6A78-448A-8F80-61B5B1CD9A70}.Debug|x86.Build.0 = Debug|x86
		{5954AE5D-6A78-448A-8F80-61B5B1CD9A70}.Debug|x86.Deploy.0 = Debug|x86
		{5954AE5D-6A78-448A-8F80-61B5B1CD9A70}.Release|Any CPU.ActiveCfg = Release|Any CPU
		{5954AE5D-6A78-448A-8F80-61B5B1CD9A70}.Release|Any CPU.Build.0 = Release|Any CPU
		{5954AE5D-6A78-448A-8F80-61B5B1CD9A70}.Release|Any CPU.Deploy.0 = Release|Any CPU
		{5954AE5D-6A78-448A-8F80-61B5B1CD9A70}.Release|ARM.ActiveCfg = Release|ARM
		{5954AE5D-6A78-448A-8F80-61B5B1CD9A70}.Release|ARM.Build.0 = Release|ARM
		{5954AE5D-6A78-448A-8F80-61B5B1CD9A70}.Release|ARM.Deploy.0 = Release|ARM
		{5954AE5D-6A78-448A-8F80-61B5B1CD9A70}.Release|x64.ActiveCfg = Release|Any CPU
		{5954AE5D-6A78-448A-8F80-61B5B1CD9A70}.Release|x86.ActiveCfg = Release|x86
		{5954AE5D-6A78-448A-8F80-61B5B1CD9A70}.Release|x86.Build.0 = Release|x86
		{5954AE5D-6A78-448A-8F80-61B5B1CD9A70}.Release|x86.Deploy.0 = Release|x86
		{7A2187AF-1195-4140-AF5C-581F2B6096AB}.Debug|Any CPU.ActiveCfg = Debug|Any CPU
		{7A2187AF-1195-4140-AF5C-581F2B6096AB}.Debug|Any CPU.Build.0 = Debug|Any CPU
		{7A2187AF-1195-4140-AF5C-581F2B6096AB}.Debug|ARM.ActiveCfg = Debug|Any CPU
		{7A2187AF-1195-4140-AF5C-581F2B6096AB}.Debug|x64.ActiveCfg = Debug|Any CPU
		{7A2187AF-1195-4140-AF5C-581F2B6096AB}.Debug|x86.ActiveCfg = Debug|Any CPU
		{7A2187AF-1195-4140-AF5C-581F2B6096AB}.Release|Any CPU.ActiveCfg = Release|Any CPU
		{7A2187AF-1195-4140-AF5C-581F2B6096AB}.Release|Any CPU.Build.0 = Release|Any CPU
		{7A2187AF-1195-4140-AF5C-581F2B6096AB}.Release|ARM.ActiveCfg = Release|Any CPU
		{7A2187AF-1195-4140-AF5C-581F2B6096AB}.Release|x64.ActiveCfg = Release|Any CPU
		{7A2187AF-1195-4140-AF5C-581F2B6096AB}.Release|x86.ActiveCfg = Release|Any CPU
		{81611F5C-F3A0-41F5-8B17-3DE3EFDDB286}.Debug|Any CPU.ActiveCfg = Debug|Any CPU
		{81611F5C-F3A0-41F5-8B17-3DE3EFDDB286}.Debug|Any CPU.Build.0 = Debug|Any CPU
		{81611F5C-F3A0-41F5-8B17-3DE3EFDDB286}.Debug|ARM.ActiveCfg = Debug|Any CPU
		{81611F5C-F3A0-41F5-8B17-3DE3EFDDB286}.Debug|x64.ActiveCfg = Debug|Any CPU
		{81611F5C-F3A0-41F5-8B17-3DE3EFDDB286}.Debug|x86.ActiveCfg = Debug|Any CPU
		{81611F5C-F3A0-41F5-8B17-3DE3EFDDB286}.Release|Any CPU.ActiveCfg = Release|Any CPU
		{81611F5C-F3A0-41F5-8B17-3DE3EFDDB286}.Release|Any CPU.Build.0 = Release|Any CPU
		{81611F5C-F3A0-41F5-8B17-3DE3EFDDB286}.Release|ARM.ActiveCfg = Release|Any CPU
		{81611F5C-F3A0-41F5-8B17-3DE3EFDDB286}.Release|x64.ActiveCfg = Release|Any CPU
		{81611F5C-F3A0-41F5-8B17-3DE3EFDDB286}.Release|x86.ActiveCfg = Release|Any CPU
	EndGlobalSection
	GlobalSection(SolutionProperties) = preSolution
		HideSolutionNode = FALSE
	EndGlobalSection
	GlobalSection(NestedProjects) = preSolution
		{A5EF1148-7262-4A0C-9FAA-AEA5FE8CDF14} = {9508A921-ECAE-4CF5-A989-06C75738F074}
		{75151EB4-F2EA-4E24-B764-D04AB127AF30} = {9508A921-ECAE-4CF5-A989-06C75738F074}
		{DA423F0A-79AD-48B8-BE7E-0BFDE717D817} = {9508A921-ECAE-4CF5-A989-06C75738F074}
		{B17A893F-01DD-47E2-901C-D9D3A1A11304} = {4CE6A30E-D98C-4860-A202-D8FEC3AB75E6}
		{8590A5D7-0194-424A-901F-9FA81C902F35} = {4CE6A30E-D98C-4860-A202-D8FEC3AB75E6}
		{28223F51-5639-4C1D-A470-C4DBE8268B58} = {4CE6A30E-D98C-4860-A202-D8FEC3AB75E6}
		{01DED6E1-71FF-4C26-B672-5459E8FA579A} = {A7EBE289-2B71-4231-9E20-DF4038563B91}
		{A7EBE289-2B71-4231-9E20-DF4038563B91} = {4CE6A30E-D98C-4860-A202-D8FEC3AB75E6}
		{7EE35E18-A459-4A3A-8720-F937D16E6DFF} = {A7EBE289-2B71-4231-9E20-DF4038563B91}
		{5954AE5D-6A78-448A-8F80-61B5B1CD9A70} = {A7EBE289-2B71-4231-9E20-DF4038563B91}
		{7A2187AF-1195-4140-AF5C-581F2B6096AB} = {850E8254-8F7C-455C-8039-67E2393F0437}
		{81611F5C-F3A0-41F5-8B17-3DE3EFDDB286} = {9508A921-ECAE-4CF5-A989-06C75738F074}
	EndGlobalSection
EndGlobal
